{
  "name": "yt2pt-monorepo",
  "version": "0.2.0",
  "lockfileVersion": 3,
  "requires": true,
  "packages": {
    "": {
      "name": "yt2pt-monorepo",
      "version": "0.2.0",
      "license": "MIT",
      "workspaces": [
        "packages/shared",
        "packages/daemon",
        "packages/cli"
      ],
      "devDependencies": {
        "@types/node": "^25.5.2",
        "typescript": "^6.0.2"
      }
    },
    "node_modules/@types/node": {
      "version": "25.6.0",
      "resolved": "https://registry.npmjs.org/@types/node/-/node-25.6.0.tgz",
      "integrity": "sha512-+qIYRKdNYJwY3vRCZMdJbPLJAtGjQBudzZzdzwQYkEPQd+PJGixUL5QfvCLDaULoLv+RhT3LDkwEfKaAkgSmNQ==",
      "dev": true,
      "license": "MIT",
      "dependencies": {
        "undici-types": "~7.19.0"
      }
    },
    "node_modules/@yt2pt/daemon": {
      "resolved": "packages/daemon",
      "link": true
    },
    "node_modules/@yt2pt/shared": {
      "resolved": "packages/shared",
      "link": true
    },
    "node_modules/typescript": {
      "version": "6.0.3",
      "resolved": "https://registry.npmjs.org/typescript/-/typescript-6.0.3.tgz",
      "integrity": "sha512-y2TvuxSZPDyQakkFRPZHKFm+KKVqIisdg9/CZwm9ftvKXLP8NRWj38/ODjNbr43SsoXqNuAisEf1GdCxqWcdBw==",
      "dev": true,
      "license": "Apache-2.0",
      "bin": {
        "tsc": "bin/tsc",
        "tsserver": "bin/tsserver"
      },
      "engines": {
        "node": ">=14.17"
      }
    },
    "node_modules/undici-types": {
      "version": "7.19.2",
      "resolved": "https://registry.npmjs.org/undici-types/-/undici-types-7.19.2.tgz",
      "integrity": "sha512-qYVnV5OEm2AW8cJMCpdV20CDyaN3g0AjDlOGf1OW4iaDEx8MwdtChUp4zu4H0VP3nDRF/8RKWH+IPp9uW0YGZg==",
      "dev": true,
      "license": "MIT"
    },
    "node_modules/yt2pt": {
      "resolved": "packages/cli",
      "link": true
    },
    "packages/cli": {
      "name": "yt2pt",
      "version": "0.2.0",
      "dependencies": {
        "@yt2pt/daemon": "0.2.0",
        "@yt2pt/shared": "0.2.0"
      },
      "bin": {
        "yt2pt": "dist/index.js"
      }
    },
    "packages/daemon": {
      "name": "@yt2pt/daemon",
      "version": "0.2.0",
      "dependencies": {
        "@yt2pt/shared": "0.2.0"
      }
    },
    "packages/shared": {
      "name": "@yt2pt/shared",
      "version": "0.2.0"
    }
  }
}
